
Microsoft Visual Studio Solution File, Format Version 12.00
# Visual Studio Version 17
VisualStudioVersion = 17.4.33213.308
MinimumVisualStudioVersion = 10.0.40219.1
Project("{FAE04EC0-301F-11D3-BF4B-00C04F79EFBC}") = "swap-custom-button-between-flow-panels", "swap-custom-button-between-flow-panels\swap-custom-button-between-flow-panels.csproj", "{AB5C37C0-71E0-4E8E-81A5-9B543ED9B973}"
EndProject
Global
	GlobalSection(SolutionConfigurationPlatforms) = preSolution
		Debug|Any CPU = Debug|Any CPU
		Release|Any CPU = Release|Any CPU
	EndGlobalSection
	GlobalSection(ProjectConfigurationPlatforms) = postSolution
		{AB5C37C0-71E0-4E8E-81A5-9B543ED9B973}.Debug|Any CPU.ActiveCfg = Debug|Any CPU
		{AB5C37C0-71E0-4E8E-81A5-9B543ED9B973}.Debug|Any CPU.Build.0 = Debug|Any CPU
		{AB5C37C0-71E0-4E8E-81A5-9B543ED9B973}.Release|Any CPU.ActiveCfg = Release|Any CPU
		{AB5C37C0-71E0-4E8E-81A5-9B543ED9B973}.Release|Any CPU.Build.0 = Release|Any CPU
	EndGlobalSection
	GlobalSection(SolutionProperties) = preSolution
		HideSolutionNode = FALSE
	EndGlobalSection
	GlobalSection(ExtensibilityGlobals) = postSolution
		SolutionGuid = {749A5B72-E992-4815-93B4-B1A03167FB22}
	EndGlobalSection
EndGlobal
